
Microsoft Visual Studio Solution File, Format Version 12.00
# Visual Studio Version 17
VisualStudioVersion = 17.9.34728.123
MinimumVisualStudioVersion = 10.0.40219.1
Project("{FAE04EC0-301F-11D3-BF4B-00C04F79EFBC}") = "BlueStone.Server", "BlueStone.Server\BlueStone.Server.csproj", "{E6C7E776-ED61-41AC-8D5F-4DE7E9621542}"
EndProject
Project("{54A90642-561A-4BB1-A94E-469ADEE60C69}") = "bluestone.client", "bluestone.client\bluestone.client.esproj", "{F459CF71-2C2E-40F4-8480-FE29F6D97E65}"
EndProject
Global
	GlobalSection(SolutionConfigurationPlatforms) = preSolution
		Debug|Any CPU = Debug|Any CPU
		Release|Any CPU = Release|Any CPU
	EndGlobalSection
	GlobalSection(ProjectConfigurationPlatforms) = postSolution
		{E6C7E776-ED61-41AC-8D5F-4DE7E9621542}.Debug|Any CPU.ActiveCfg = Debug|Any CPU
		{E6C7E776-ED61-41AC-8D5F-4DE7E9621542}.Debug|Any CPU.Build.0 = Debug|Any CPU
		{E6C7E776-ED61-41AC-8D5F-4DE7E9621542}.Release|Any CPU.ActiveCfg = Release|Any CPU
		{E6C7E776-ED61-41AC-8D5F-4DE7E9621542}.Release|Any CPU.Build.0 = Release|Any CPU
		{F459CF71-2C2E-40F4-8480-FE29F6D97E65}.Debug|Any CPU.ActiveCfg = Debug|Any CPU
		{F459CF71-2C2E-40F4-8480-FE29F6D97E65}.Debug|Any CPU.Build.0 = Debug|Any CPU
		{F459CF71-2C2E-40F4-8480-FE29F6D97E65}.Debug|Any CPU.Deploy.0 = Debug|Any CPU
		{F459CF71-2C2E-40F4-8480-FE29F6D97E65}.Release|Any CPU.ActiveCfg = Release|Any CPU
		{F459CF71-2C2E-40F4-8480-FE29F6D97E65}.Release|Any CPU.Build.0 = Release|Any CPU
		{F459CF71-2C2E-40F4-8480-FE29F6D97E65}.Release|Any CPU.Deploy.0 = Release|Any CPU
	EndGlobalSection
	GlobalSection(SolutionProperties) = preSolution
		HideSolutionNode = FALSE
	EndGlobalSection
	GlobalSection(ExtensibilityGlobals) = postSolution
		SolutionGuid = {88DF7DEF-0DF3-4D5C-9577-7A2610669D03}
	EndGlobalSection
EndGlobal
